// !$*UTF8*$!
{
	archiveVersion = 1;
	classes = {
	};
	objectVersion = 46;
	objects = {

/* Begin PBXBuildFile section */
		8832D3F31C90841F00EC1D9C /* WebchimpUtilities.m in Sources */ = {isa = PBXBuildFile; fileRef = 8832D3F21C90841F00EC1D9C /* WebchimpUtilities.m */; };
		8832D3F61C908EC700EC1D9C /* Puppeteer.m in Sources */ = {isa = PBXBuildFile; fileRef = 8832D3F51C908EC700EC1D9C /* Puppeteer.m */; };
		8832D3F91C9090AF00EC1D9C /* TestPuppeter.m in Sources */ = {isa = PBXBuildFile; fileRef = 8832D3F81C9090AF00EC1D9C /* TestPuppeter.m */; };
		88B19F171C6A67C200FB0762 /* Default.png in Resources */ = {isa = PBXBuildFile; fileRef = 88B19F141C6A67C200FB0762 /* Default.png */; };
		88B19F181C6A67C200FB0762 /* Default@2x.png in Resources */ = {isa = PBXBuildFile; fileRef = 88B19F151C6A67C200FB0762 /* Default@2x.png */; };
		88B19F1A1C6A6DF700FB0762 /* Default-568h@2x.png in Resources */ = {isa = PBXBuildFile; fileRef = 88B19F191C6A6DF700FB0762 /* Default-568h@2x.png */; };
		88B19F271C6BA28B00FB0762 /* CoreGraphics.framework in Frameworks */ = {isa = PBXBuildFile; fileRef = 88B19F261C6BA28B00FB0762 /* CoreGraphics.framework */; };
		88B19F291C6BA29C00FB0762 /* UIKit.framework in Frameworks */ = {isa = PBXBuildFile; fileRef = 88B19F281C6BA29C00FB0762 /* UIKit.framework */; };
		88B19F2B1C6BA2A300FB0762 /* SpriteKit.framework in Frameworks */ = {isa = PBXBuildFile; fileRef = 88B19F2A1C6BA2A300FB0762 /* SpriteKit.framework */; };
		88B19F2D1C6BA2A800FB0762 /* Foundation.framework in Frameworks */ = {isa = PBXBuildFile; fileRef = 88B19F2C1C6BA2A800FB0762 /* Foundation.framework */; };
		88B19F311C6BC41600FB0762 /* Sparrow.m in Sources */ = {isa = PBXBuildFile; fileRef = 88B19F301C6BC41600FB0762 /* Sparrow.m */; };
		88D263C91C5BD20900A38D97 /* Launch.m in Sources */ = {isa = PBXBuildFile; fileRef = 88D263C81C5BD20900A38D97 /* Launch.m */; };
		88E003111C7784E100A85F80 /* Parrot.m in Sources */ = {isa = PBXBuildFile; fileRef = 88E003101C7784E100A85F80 /* Parrot.m */; };
		88F83B4C1C761BCC00F6C551 /* Buscador.m in Sources */ = {isa = PBXBuildFile; fileRef = 88F83B4B1C761BCC00F6C551 /* Buscador.m */; };
		88F83B741C761E9600F6C551 /* AFHTTPRequestOperation.m in Sources */ = {isa = PBXBuildFile; fileRef = 88F83B4F1C761E9600F6C551 /* AFHTTPRequestOperation.m */; };
		88F83B751C761E9600F6C551 /* AFHTTPRequestOperationManager.m in Sources */ = {isa = PBXBuildFile; fileRef = 88F83B511C761E9600F6C551 /* AFHTTPRequestOperationManager.m */; };
		88F83B761C761E9600F6C551 /* AFHTTPSessionManager.m in Sources */ = {isa = PBXBuildFile; fileRef = 88F83B531C761E9600F6C551 /* AFHTTPSessionManager.m */; };
		88F83B771C761E9600F6C551 /* AFNetworkReachabilityManager.m in Sources */ = {isa = PBXBuildFile; fileRef = 88F83B561C761E9600F6C551 /* AFNetworkReachabilityManager.m */; };
		88F83B781C761E9600F6C551 /* AFSecurityPolicy.m in Sources */ = {isa = PBXBuildFile; fileRef = 88F83B581C761E9600F6C551 /* AFSecurityPolicy.m */; };
		88F83B791C761E9600F6C551 /* AFURLConnectionOperation.m in Sources */ = {isa = PBXBuildFile; fileRef = 88F83B5A1C761E9600F6C551 /* AFURLConnectionOperation.m */; };
		88F83B7A1C761E9600F6C551 /* AFURLRequestSerialization.m in Sources */ = {isa = PBXBuildFile; fileRef = 88F83B5C1C761E9600F6C551 /* AFURLRequestSerialization.m */; };
		88F83B7B1C761E9600F6C551 /* AFURLResponseSerialization.m in Sources */ = {isa = PBXBuildFile; fileRef = 88F83B5E1C761E9600F6C551 /* AFURLResponseSerialization.m */; };
		88F83B7C1C761E9600F6C551 /* AFURLSessionManager.m in Sources */ = {isa = PBXBuildFile; fileRef = 88F83B601C761E9600F6C551 /* AFURLSessionManager.m */; };
		88F83B7D1C761E9600F6C551 /* AFNetworkActivityIndicatorManager.m in Sources */ = {isa = PBXBuildFile; fileRef = 88F83B631C761E9600F6C551 /* AFNetworkActivityIndicatorManager.m */; };
		88F83B7E1C761E9600F6C551 /* UIActivityIndicatorView+AFNetworking.m in Sources */ = {isa = PBXBuildFile; fileRef = 88F83B651C761E9600F6C551 /* UIActivityIndicatorView+AFNetworking.m */; };
		88F83B7F1C761E9600F6C551 /* UIAlertView+AFNetworking.m in Sources */ = {isa = PBXBuildFile; fileRef = 88F83B671C761E9600F6C551 /* UIAlertView+AFNetworking.m */; };
		88F83B801C761E9600F6C551 /* UIButton+AFNetworking.m in Sources */ = {isa = PBXBuildFile; fileRef = 88F83B691C761E9600F6C551 /* UIButton+AFNetworking.m */; };
		88F83B811C761E9600F6C551 /* UIImageView+AFNetworking.m in Sources */ = {isa = PBXBuildFile; fileRef = 88F83B6C1C761E9600F6C551 /* UIImageView+AFNetworking.m */; };
		88F83B821C761E9600F6C551 /* UIProgressView+AFNetworking.m in Sources */ = {isa = PBXBuildFile; fileRef = 88F83B6F1C761E9600F6C551 /* UIProgressView+AFNetworking.m */; };
		88F83B831C761E9600F6C551 /* UIRefreshControl+AFNetworking.m in Sources */ = {isa = PBXBuildFile; fileRef = 88F83B711C761E9600F6C551 /* UIRefreshControl+AFNetworking.m */; };
		88F83B841C761E9600F6C551 /* UIWebView+AFNetworking.m in Sources */ = {isa = PBXBuildFile; fileRef = 88F83B731C761E9600F6C551 /* UIWebView+AFNetworking.m */; };
		88F83B871C762ED000F6C551 /* MPGTextField.m in Sources */ = {isa = PBXBuildFile; fileRef = 88F83B861C762ED000F6C551 /* MPGTextField.m */; };
		88F83B891C7640BD00F6C551 /* sample_data.json in Resources */ = {isa = PBXBuildFile; fileRef = 88F83B881C7640BD00F6C551 /* sample_data.json */; };
		A7CD22931C50881F007CE2AC /* main.m in Sources */ = {isa = PBXBuildFile; fileRef = A7CD22921C50881F007CE2AC /* main.m */; };
		A7CD22961C50881F007CE2AC /* AppDelegate.m in Sources */ = {isa = PBXBuildFile; fileRef = A7CD22951C50881F007CE2AC /* AppDelegate.m */; };
		A7CD22991C50881F007CE2AC /* ViewController.m in Sources */ = {isa = PBXBuildFile; fileRef = A7CD22981C50881F007CE2AC /* ViewController.m */; };
		A7CD229E1C50881F007CE2AC /* Assets.xcassets in Resources */ = {isa = PBXBuildFile; fileRef = A7CD229D1C50881F007CE2AC /* Assets.xcassets */; };
		A7CD22AA1C508A21007CE2AC /* Surface.m in Sources */ = {isa = PBXBuildFile; fileRef = A7CD22A91C508A21007CE2AC /* Surface.m */; };
/* End PBXBuildFile section */

/* Begin PBXFileReference section */
		8832D3F11C90841F00EC1D9C /* WebchimpUtilities.h */ = {isa = PBXFileReference; fileEncoding = 4; lastKnownFileType = sourcecode.c.h; path = WebchimpUtilities.h; sourceTree = "<group>"; };
		8832D3F21C90841F00EC1D9C /* WebchimpUtilities.m */ = {isa = PBXFileReference; fileEncoding = 4; lastKnownFileType = sourcecode.c.objc; path = WebchimpUtilities.m; sourceTree = "<group>"; };
		8832D3F41C908EC700EC1D9C /* Puppeteer.h */ = {isa = PBXFileReference; fileEncoding = 4; lastKnownFileType = sourcecode.c.h; path = Puppeteer.h; sourceTree = "<group>"; };
		8832D3F51C908EC700EC1D9C /* Puppeteer.m */ = {isa = PBXFileReference; fileEncoding = 4; lastKnownFileType = sourcecode.c.objc; path = Puppeteer.m; sourceTree = "<group>"; };
		8832D3F71C9090AF00EC1D9C /* TestPuppeter.h */ = {isa = PBXFileReference; fileEncoding = 4; lastKnownFileType = sourcecode.c.h; path = TestPuppeter.h; sourceTree = "<group>"; };
		8832D3F81C9090AF00EC1D9C /* TestPuppeter.m */ = {isa = PBXFileReference; fileEncoding = 4; lastKnownFileType = sourcecode.c.objc; path = TestPuppeter.m; sourceTree = "<group>"; };
		88B19F141C6A67C200FB0762 /* Default.png */ = {isa = PBXFileReference; lastKnownFileType = image.png; path = Default.png; sourceTree = "<group>"; };
		88B19F151C6A67C200FB0762 /* Default@2x.png */ = {isa = PBXFileReference; lastKnownFileType = image.png; path = "Default@2x.png"; sourceTree = "<group>"; };
		88B19F191C6A6DF700FB0762 /* Default-568h@2x.png */ = {isa = PBXFileReference; lastKnownFileType = image.png; path = "Default-568h@2x.png"; sourceTree = "<group>"; };
		88B19F261C6BA28B00FB0762 /* CoreGraphics.framework */ = {isa = PBXFileReference; lastKnownFileType = wrapper.framework; name = CoreGraphics.framework; path = System/Library/Frameworks/CoreGraphics.framework; sourceTree = SDKROOT; };
		88B19F281C6BA29C00FB0762 /* UIKit.framework */ = {isa = PBXFileReference; lastKnownFileType = wrapper.framework; name = UIKit.framework; path = System/Library/Frameworks/UIKit.framework; sourceTree = SDKROOT; };
		88B19F2A1C6BA2A300FB0762 /* SpriteKit.framework */ = {isa = PBXFileReference; lastKnownFileType = wrapper.framework; name = SpriteKit.framework; path = System/Library/Frameworks/SpriteKit.framework; sourceTree = SDKROOT; };
		88B19F2C1C6BA2A800FB0762 /* Foundation.framework */ = {isa = PBXFileReference; lastKnownFileType = wrapper.framework; name = Foundation.framework; path = System/Library/Frameworks/Foundation.framework; sourceTree = SDKROOT; };
		88B19F2F1C6BC41600FB0762 /* Sparrow.h */ = {isa = PBXFileReference; fileEncoding = 4; lastKnownFileType = sourcecode.c.h; name = Sparrow.h; path = ../Sparrow.h; sourceTree = "<group>"; };
		88B19F301C6BC41600FB0762 /* Sparrow.m */ = {isa = PBXFileReference; fileEncoding = 4; lastKnownFileType = sourcecode.c.objc; name = Sparrow.m; path = ../Sparrow.m; sourceTree = "<group>"; };
		88D263C71C5BD20900A38D97 /* Launch.h */ = {isa = PBXFileReference; fileEncoding = 4; lastKnownFileType = sourcecode.c.h; path = Launch.h; sourceTree = "<group>"; };
		88D263C81C5BD20900A38D97 /* Launch.m */ = {isa = PBXFileReference; fileEncoding = 4; lastKnownFileType = sourcecode.c.objc; path = Launch.m; sourceTree = "<group>"; };
		88E0030F1C7784E100A85F80 /* Parrot.h */ = {isa = PBXFileReference; fileEncoding = 4; lastKnownFileType = sourcecode.c.h; path = Parrot.h; sourceTree = "<group>"; };
		88E003101C7784E100A85F80 /* Parrot.m */ = {isa = PBXFileReference; fileEncoding = 4; lastKnownFileType = sourcecode.c.objc; path = Parrot.m; sourceTree = "<group>"; };
		88F83B4A1C761BCC00F6C551 /* Buscador.h */ = {isa = PBXFileReference; fileEncoding = 4; lastKnownFileType = sourcecode.c.h; path = Buscador.h; sourceTree = "<group>"; };
		88F83B4B1C761BCC00F6C551 /* Buscador.m */ = {isa = PBXFileReference; fileEncoding = 4; lastKnownFileType = sourcecode.c.objc; path = Buscador.m; sourceTree = "<group>"; };
		88F83B4E1C761E9600F6C551 /* AFHTTPRequestOperation.h */ = {isa = PBXFileReference; fileEncoding = 4; lastKnownFileType = sourcecode.c.h; path = AFHTTPRequestOperation.h; sourceTree = "<group>"; };
		88F83B4F1C761E9600F6C551 /* AFHTTPRequestOperation.m */ = {isa = PBXFileReference; fileEncoding = 4; lastKnownFileType = sourcecode.c.objc; path = AFHTTPRequestOperation.m; sourceTree = "<group>"; };
		88F83B501C761E9600F6C551 /* AFHTTPRequestOperationManager.h */ = {isa = PBXFileReference; fileEncoding = 4; lastKnownFileType = sourcecode.c.h; path = AFHTTPRequestOperationManager.h; sourceTree = "<group>"; };
		88F83B511C761E9600F6C551 /* AFHTTPRequestOperationManager.m */ = {isa = PBXFileReference; fileEncoding = 4; lastKnownFileType = sourcecode.c.objc; path = AFHTTPRequestOperationManager.m; sourceTree = "<group>"; };
		88F83B521C761E9600F6C551 /* AFHTTPSessionManager.h */ = {isa = PBXFileReference; fileEncoding = 4; lastKnownFileType = sourcecode.c.h; path = AFHTTPSessionManager.h; sourceTree = "<group>"; };
		88F83B531C761E9600F6C551 /* AFHTTPSessionManager.m */ = {isa = PBXFileReference; fileEncoding = 4; lastKnownFileType = sourcecode.c.objc; path = AFHTTPSessionManager.m; sourceTree = "<group>"; };
		88F83B541C761E9600F6C551 /* AFNetworking.h */ = {isa = PBXFileReference; fileEncoding = 4; lastKnownFileType = sourcecode.c.h; path = AFNetworking.h; sourceTree = "<group>"; };
		88F83B551C761E9600F6C551 /* AFNetworkReachabilityManager.h */ = {isa = PBXFileReference; fileEncoding = 4; lastKnownFileType = sourcecode.c.h; path = AFNetworkReachabilityManager.h; sourceTree = "<group>"; };
		88F83B561C761E9600F6C551 /* AFNetworkReachabilityManager.m */ = {isa = PBXFileReference; fileEncoding = 4; lastKnownFileType = sourcecode.c.objc; path = AFNetworkReachabilityManager.m; sourceTree = "<group>"; };
		88F83B571C761E9600F6C551 /* AFSecurityPolicy.h */ = {isa = PBXFileReference; fileEncoding = 4; lastKnownFileType = sourcecode.c.h; path = AFSecurityPolicy.h; sourceTree = "<group>"; };
		88F83B581C761E9600F6C551 /* AFSecurityPolicy.m */ = {isa = PBXFileReference; fileEncoding = 4; lastKnownFileType = sourcecode.c.objc; path = AFSecurityPolicy.m; sourceTree = "<group>"; };
		88F83B591C761E9600F6C551 /* AFURLConnectionOperation.h */ = {isa = PBXFileReference; fileEncoding = 4; lastKnownFileType = sourcecode.c.h; path = AFURLConnectionOperation.h; sourceTree = "<group>"; };
		88F83B5A1C761E9600F6C551 /* AFURLConnectionOperation.m */ = {isa = PBXFileReference; fileEncoding = 4; lastKnownFileType = sourcecode.c.objc; path = AFURLConnectionOperation.m; sourceTree = "<group>"; };
		88F83B5B1C761E9600F6C551 /* AFURLRequestSerialization.h */ = {isa = PBXFileReference; fileEncoding = 4; lastKnownFileType = sourcecode.c.h; path = AFURLRequestSerialization.h; sourceTree = "<group>"; };
		88F83B5C1C761E9600F6C551 /* AFURLRequestSerialization.m */ = {isa = PBXFileReference; fileEncoding = 4; lastKnownFileType = sourcecode.c.objc; path = AFURLRequestSerialization.m; sourceTree = "<group>"; };
		88F83B5D1C761E9600F6C551 /* AFURLResponseSerialization.h */ = {isa = PBXFileReference; fileEncoding = 4; lastKnownFileType = sourcecode.c.h; path = AFURLResponseSerialization.h; sourceTree = "<group>"; };
		88F83B5E1C761E9600F6C551 /* AFURLResponseSerialization.m */ = {isa = PBXFileReference; fileEncoding = 4; lastKnownFileType = sourcecode.c.objc; path = AFURLResponseSerialization.m; sourceTree = "<group>"; };
		88F83B5F1C761E9600F6C551 /* AFURLSessionManager.h */ = {isa = PBXFileReference; fileEncoding = 4; lastKnownFileType = sourcecode.c.h; path = AFURLSessionManager.h; sourceTree = "<group>"; };
		88F83B601C761E9600F6C551 /* AFURLSessionManager.m */ = {isa = PBXFileReference; fileEncoding = 4; lastKnownFileType = sourcecode.c.objc; path = AFURLSessionManager.m; sourceTree = "<group>"; };
		88F83B621C761E9600F6C551 /* AFNetworkActivityIndicatorManager.h */ = {isa = PBXFileReference; fileEncoding = 4; lastKnownFileType = sourcecode.c.h; path = AFNetworkActivityIndicatorManager.h; sourceTree = "<group>"; };
		88F83B631C761E9600F6C551 /* AFNetworkActivityIndicatorManager.m */ = {isa = PBXFileReference; fileEncoding = 4; lastKnownFileType = sourcecode.c.objc; path = AFNetworkActivityIndicatorManager.m; sourceTree = "<group>"; };
		88F83B641C761E9600F6C551 /* UIActivityIndicatorView+AFNetworking.h */ = {isa = PBXFileReference; fileEncoding = 4; lastKnownFileType = sourcecode.c.h; path = "UIActivityIndicatorView+AFNetworking.h"; sourceTree = "<group>"; };
		88F83B651C761E9600F6C551 /* UIActivityIndicatorView+AFNetworking.m */ = {isa = PBXFileReference; fileEncoding = 4; lastKnownFileType = sourcecode.c.objc; path = "UIActivityIndicatorView+AFNetworking.m"; sourceTree = "<group>"; };
		88F83B661C761E9600F6C551 /* UIAlertView+AFNetworking.h */ = {isa = PBXFileReference; fileEncoding = 4; lastKnownFileType = sourcecode.c.h; path = "UIAlertView+AFNetworking.h"; sourceTree = "<group>"; };
		88F83B671C761E9600F6C551 /* UIAlertView+AFNetworking.m */ = {isa = PBXFileReference; fileEncoding = 4; lastKnownFileType = sourcecode.c.objc; path = "UIAlertView+AFNetworking.m"; sourceTree = "<group>"; };
		88F83B681C761E9600F6C551 /* UIButton+AFNetworking.h */ = {isa = PBXFileReference; fileEncoding = 4; lastKnownFileType = sourcecode.c.h; path = "UIButton+AFNetworking.h"; sourceTree = "<group>"; };
		88F83B691C761E9600F6C551 /* UIButton+AFNetworking.m */ = {isa = PBXFileReference; fileEncoding = 4; lastKnownFileType = sourcecode.c.objc; path = "UIButton+AFNetworking.m"; sourceTree = "<group>"; };
		88F83B6A1C761E9600F6C551 /* UIImage+AFNetworking.h */ = {isa = PBXFileReference; fileEncoding = 4; lastKnownFileType = sourcecode.c.h; path = "UIImage+AFNetworking.h"; sourceTree = "<group>"; };
		88F83B6B1C761E9600F6C551 /* UIImageView+AFNetworking.h */ = {isa = PBXFileReference; fileEncoding = 4; lastKnownFileType = sourcecode.c.h; path = "UIImageView+AFNetworking.h"; sourceTree = "<group>"; };
		88F83B6C1C761E9600F6C551 /* UIImageView+AFNetworking.m */ = {isa = PBXFileReference; fileEncoding = 4; lastKnownFileType = sourcecode.c.objc; path = "UIImageView+AFNetworking.m"; sourceTree = "<group>"; };
		88F83B6D1C761E9600F6C551 /* UIKit+AFNetworking.h */ = {isa = PBXFileReference; fileEncoding = 4; lastKnownFileType = sourcecode.c.h; path = "UIKit+AFNetworking.h"; sourceTree = "<group>"; };
		88F83B6E1C761E9600F6C551 /* UIProgressView+AFNetworking.h */ = {isa = PBXFileReference; fileEncoding = 4; lastKnownFileType = sourcecode.c.h; path = "UIProgressView+AFNetworking.h"; sourceTree = "<group>"; };
		88F83B6F1C761E9600F6C551 /* UIProgressView+AFNetworking.m */ = {isa = PBXFileReference; fileEncoding = 4; lastKnownFileType = sourcecode.c.objc; path = "UIProgressView+AFNetworking.m"; sourceTree = "<group>"; };
		88F83B701C761E9600F6C551 /* UIRefreshControl+AFNetworking.h */ = {isa = PBXFileReference; fileEncoding = 4; lastKnownFileType = sourcecode.c.h; path = "UIRefreshControl+AFNetworking.h"; sourceTree = "<group>"; };
		88F83B711C761E9600F6C551 /* UIRefreshControl+AFNetworking.m */ = {isa = PBXFileReference; fileEncoding = 4; lastKnownFileType = sourcecode.c.objc; path = "UIRefreshControl+AFNetworking.m"; sourceTree = "<group>"; };
		88F83B721C761E9600F6C551 /* UIWebView+AFNetworking.h */ = {isa = PBXFileReference; fileEncoding = 4; lastKnownFileType = sourcecode.c.h; path = "UIWebView+AFNetworking.h"; sourceTree = "<group>"; };
		88F83B731C761E9600F6C551 /* UIWebView+AFNetworking.m */ = {isa = PBXFileReference; fileEncoding = 4; lastKnownFileType = sourcecode.c.objc; path = "UIWebView+AFNetworking.m"; sourceTree = "<group>"; };
		88F83B851C762ED000F6C551 /* MPGTextField.h */ = {isa = PBXFileReference; fileEncoding = 4; lastKnownFileType = sourcecode.c.h; path = MPGTextField.h; sourceTree = "<group>"; };
		88F83B861C762ED000F6C551 /* MPGTextField.m */ = {isa = PBXFileReference; fileEncoding = 4; lastKnownFileType = sourcecode.c.objc; path = MPGTextField.m; sourceTree = "<group>"; };
		88F83B881C7640BD00F6C551 /* sample_data.json */ = {isa = PBXFileReference; fileEncoding = 4; lastKnownFileType = text.json; path = sample_data.json; sourceTree = "<group>"; };
		A7CD228E1C50881F007CE2AC /* Surface.app */ = {isa = PBXFileReference; explicitFileType = wrapper.application; includeInIndex = 0; path = Surface.app; sourceTree = BUILT_PRODUCTS_DIR; };
		A7CD22921C50881F007CE2AC /* main.m */ = {isa = PBXFileReference; lastKnownFileType = sourcecode.c.objc; path = main.m; sourceTree = "<group>"; };
		A7CD22941C50881F007CE2AC /* AppDelegate.h */ = {isa = PBXFileReference; lastKnownFileType = sourcecode.c.h; path = AppDelegate.h; sourceTree = "<group>"; };
		A7CD22951C50881F007CE2AC /* AppDelegate.m */ = {isa = PBXFileReference; lastKnownFileType = sourcecode.c.objc; path = AppDelegate.m; sourceTree = "<group>"; };
		A7CD22971C50881F007CE2AC /* ViewController.h */ = {isa = PBXFileReference; lastKnownFileType = sourcecode.c.h; path = ViewController.h; sourceTree = "<group>"; };
		A7CD22981C50881F007CE2AC /* ViewController.m */ = {isa = PBXFileReference; lastKnownFileType = sourcecode.c.objc; path = ViewController.m; sourceTree = "<group>"; };
		A7CD229D1C50881F007CE2AC /* Assets.xcassets */ = {isa = PBXFileReference; lastKnownFileType = folder.assetcatalog; path = Assets.xcassets; sourceTree = "<group>"; };
		A7CD22A21C50881F007CE2AC /* Info.plist */ = {isa = PBXFileReference; lastKnownFileType = text.plist.xml; path = Info.plist; sourceTree = "<group>"; };
		A7CD22A81C508A21007CE2AC /* Surface.h */ = {isa = PBXFileReference; fileEncoding = 4; lastKnownFileType = sourcecode.c.h; path = Surface.h; sourceTree = "<group>"; };
		A7CD22A91C508A21007CE2AC /* Surface.m */ = {isa = PBXFileReference; fileEncoding = 4; lastKnownFileType = sourcecode.c.objc; path = Surface.m; sourceTree = "<group>"; };
/* End PBXFileReference section */

/* Begin PBXFrameworksBuildPhase section */
		A7CD228B1C50881F007CE2AC /* Frameworks */ = {
			isa = PBXFrameworksBuildPhase;
			buildActionMask = 2147483647;
			files = (
				88B19F2D1C6BA2A800FB0762 /* Foundation.framework in Frameworks */,
				88B19F2B1C6BA2A300FB0762 /* SpriteKit.framework in Frameworks */,
				88B19F291C6BA29C00FB0762 /* UIKit.framework in Frameworks */,
				88B19F271C6BA28B00FB0762 /* CoreGraphics.framework in Frameworks */,
			);
			runOnlyForDeploymentPostprocessing = 0;
		};
/* End PBXFrameworksBuildPhase section */

/* Begin PBXGroup section */
		88B19F2E1C6BA60A00FB0762 /* Frameworks */ = {
			isa = PBXGroup;
			children = (
				88F83B851C762ED000F6C551 /* MPGTextField.h */,
				88F83B861C762ED000F6C551 /* MPGTextField.m */,
				88F83B4D1C761E9600F6C551 /* AFNetworking */,
				88B19F2C1C6BA2A800FB0762 /* Foundation.framework */,
				88B19F2A1C6BA2A300FB0762 /* SpriteKit.framework */,
				88B19F281C6BA29C00FB0762 /* UIKit.framework */,
				88B19F261C6BA28B00FB0762 /* CoreGraphics.framework */,
			);
			name = Frameworks;
			sourceTree = "<group>";
		};
		88D263C61C5BD1AE00A38D97 /* Tertulia-test */ = {
			isa = PBXGroup;
			children = (
				88D263C71C5BD20900A38D97 /* Launch.h */,
				88D263C81C5BD20900A38D97 /* Launch.m */,
				88F83B4A1C761BCC00F6C551 /* Buscador.h */,
				88F83B4B1C761BCC00F6C551 /* Buscador.m */,
			);
			name = "Tertulia-test";
			sourceTree = "<group>";
		};
		88F83B4D1C761E9600F6C551 /* AFNetworking */ = {
			isa = PBXGroup;
			children = (
				88F83B4E1C761E9600F6C551 /* AFHTTPRequestOperation.h */,
				88F83B4F1C761E9600F6C551 /* AFHTTPRequestOperation.m */,
				88F83B501C761E9600F6C551 /* AFHTTPRequestOperationManager.h */,
				88F83B511C761E9600F6C551 /* AFHTTPRequestOperationManager.m */,
				88F83B521C761E9600F6C551 /* AFHTTPSessionManager.h */,
				88F83B531C761E9600F6C551 /* AFHTTPSessionManager.m */,
				88F83B541C761E9600F6C551 /* AFNetworking.h */,
				88F83B551C761E9600F6C551 /* AFNetworkReachabilityManager.h */,
				88F83B561C761E9600F6C551 /* AFNetworkReachabilityManager.m */,
				88F83B571C761E9600F6C551 /* AFSecurityPolicy.h */,
				88F83B581C761E9600F6C551 /* AFSecurityPolicy.m */,
				88F83B591C761E9600F6C551 /* AFURLConnectionOperation.h */,
				88F83B5A1C761E9600F6C551 /* AFURLConnectionOperation.m */,
				88F83B5B1C761E9600F6C551 /* AFURLRequestSerialization.h */,
				88F83B5C1C761E9600F6C551 /* AFURLRequestSerialization.m */,
				88F83B5D1C761E9600F6C551 /* AFURLResponseSerialization.h */,
				88F83B5E1C761E9600F6C551 /* AFURLResponseSerialization.m */,
				88F83B5F1C761E9600F6C551 /* AFURLSessionManager.h */,
				88F83B601C761E9600F6C551 /* AFURLSessionManager.m */,
				88F83B611C761E9600F6C551 /* UIKit+AFNetworking */,
			);
			path = AFNetworking;
			sourceTree = "<group>";
		};
		88F83B611C761E9600F6C551 /* UIKit+AFNetworking */ = {
			isa = PBXGroup;
			children = (
				88F83B621C761E9600F6C551 /* AFNetworkActivityIndicatorManager.h */,
				88F83B631C761E9600F6C551 /* AFNetworkActivityIndicatorManager.m */,
				88F83B641C761E9600F6C551 /* UIActivityIndicatorView+AFNetworking.h */,
				88F83B651C761E9600F6C551 /* UIActivityIndicatorView+AFNetworking.m */,
				88F83B661C761E9600F6C551 /* UIAlertView+AFNetworking.h */,
				88F83B671C761E9600F6C551 /* UIAlertView+AFNetworking.m */,
				88F83B681C761E9600F6C551 /* UIButton+AFNetworking.h */,
				88F83B691C761E9600F6C551 /* UIButton+AFNetworking.m */,
				88F83B6A1C761E9600F6C551 /* UIImage+AFNetworking.h */,
				88F83B6B1C761E9600F6C551 /* UIImageView+AFNetworking.h */,
				88F83B6C1C761E9600F6C551 /* UIImageView+AFNetworking.m */,
				88F83B6D1C761E9600F6C551 /* UIKit+AFNetworking.h */,
				88F83B6E1C761E9600F6C551 /* UIProgressView+AFNetworking.h */,
				88F83B6F1C761E9600F6C551 /* UIProgressView+AFNetworking.m */,
				88F83B701C761E9600F6C551 /* UIRefreshControl+AFNetworking.h */,
				88F83B711C761E9600F6C551 /* UIRefreshControl+AFNetworking.m */,
				88F83B721C761E9600F6C551 /* UIWebView+AFNetworking.h */,
				88F83B731C761E9600F6C551 /* UIWebView+AFNetworking.m */,
			);
			path = "UIKit+AFNetworking";
			sourceTree = "<group>";
		};
		A7CD22851C50881F007CE2AC = {
			isa = PBXGroup;
			children = (
				88F83B881C7640BD00F6C551 /* sample_data.json */,
				88D263C61C5BD1AE00A38D97 /* Tertulia-test */,
				A7CD22901C50881F007CE2AC /* Surface */,
				A7CD228F1C50881F007CE2AC /* Products */,
				88B19F141C6A67C200FB0762 /* Default.png */,
				88B19F151C6A67C200FB0762 /* Default@2x.png */,
				88B19F191C6A6DF700FB0762 /* Default-568h@2x.png */,
				88B19F2E1C6BA60A00FB0762 /* Frameworks */,
			);
			sourceTree = "<group>";
		};
		A7CD228F1C50881F007CE2AC /* Products */ = {
			isa = PBXGroup;
			children = (
				A7CD228E1C50881F007CE2AC /* Surface.app */,
			);
			name = Products;
			sourceTree = "<group>";
		};
		A7CD22901C50881F007CE2AC /* Surface */ = {
			isa = PBXGroup;
			children = (
				A7CD22941C50881F007CE2AC /* AppDelegate.h */,
				A7CD22951C50881F007CE2AC /* AppDelegate.m */,
				A7CD22971C50881F007CE2AC /* ViewController.h */,
				A7CD22981C50881F007CE2AC /* ViewController.m */,
				8832D3F71C9090AF00EC1D9C /* TestPuppeter.h */,
				8832D3F81C9090AF00EC1D9C /* TestPuppeter.m */,
				A7CD229D1C50881F007CE2AC /* Assets.xcassets */,
				A7CD22A21C50881F007CE2AC /* Info.plist */,
				A7CD22911C50881F007CE2AC /* Supporting Files */,
			);
			path = Surface;
			sourceTree = "<group>";
		};
		A7CD22911C50881F007CE2AC /* Supporting Files */ = {
			isa = PBXGroup;
			children = (
				A7CD22921C50881F007CE2AC /* main.m */,
				88E0030F1C7784E100A85F80 /* Parrot.h */,
				88E003101C7784E100A85F80 /* Parrot.m */,
				88B19F2F1C6BC41600FB0762 /* Sparrow.h */,
				88B19F301C6BC41600FB0762 /* Sparrow.m */,
				8832D3F41C908EC700EC1D9C /* Puppeteer.h */,
				8832D3F51C908EC700EC1D9C /* Puppeteer.m */,
				8832D3F11C90841F00EC1D9C /* WebchimpUtilities.h */,
				8832D3F21C90841F00EC1D9C /* WebchimpUtilities.m */,
				A7CD22A81C508A21007CE2AC /* Surface.h */,
				A7CD22A91C508A21007CE2AC /* Surface.m */,
			);
			name = "Supporting Files";
			sourceTree = "<group>";
		};
/* End PBXGroup section */

/* Begin PBXNativeTarget section */
		A7CD228D1C50881F007CE2AC /* Surface */ = {
			isa = PBXNativeTarget;
			buildConfigurationList = A7CD22A51C50881F007CE2AC /* Build configuration list for PBXNativeTarget "Surface" */;
			buildPhases = (
				A7CD228A1C50881F007CE2AC /* Sources */,
				A7CD228B1C50881F007CE2AC /* Frameworks */,
				A7CD228C1C50881F007CE2AC /* Resources */,
			);
			buildRules = (
			);
			dependencies = (
			);
			name = Surface;
			productName = Surface;
			productReference = A7CD228E1C50881F007CE2AC /* Surface.app */;
			productType = "com.apple.product-type.application";
		};
/* End PBXNativeTarget section */

/* Begin PBXProject section */
		A7CD22861C50881F007CE2AC /* Project object */ = {
			isa = PBXProject;
			attributes = {
				LastUpgradeCheck = 0720;
				ORGANIZATIONNAME = Erick;
				TargetAttributes = {
					A7CD228D1C50881F007CE2AC = {
						CreatedOnToolsVersion = 7.2;
						DevelopmentTeam = 8MX8M28684;
					};
				};
			};
			buildConfigurationList = A7CD22891C50881F007CE2AC /* Build configuration list for PBXProject "Surface" */;
			compatibilityVersion = "Xcode 3.2";
			developmentRegion = English;
			hasScannedForEncodings = 0;
			knownRegions = (
				en,
				Base,
			);
			mainGroup = A7CD22851C50881F007CE2AC;
			productRefGroup = A7CD228F1C50881F007CE2AC /* Products */;
			projectDirPath = "";
			projectRoot = "";
			targets = (
				A7CD228D1C50881F007CE2AC /* Surface */,
			);
		};
/* End PBXProject section */

/* Begin PBXResourcesBuildPhase section */
		A7CD228C1C50881F007CE2AC /* Resources */ = {
			isa = PBXResourcesBuildPhase;
			buildActionMask = 2147483647;
			files = (
				88B19F171C6A67C200FB0762 /* Default.png in Resources */,
				88F83B891C7640BD00F6C551 /* sample_data.json in Resources */,
				88B19F1A1C6A6DF700FB0762 /* Default-568h@2x.png in Resources */,
				88B19F181C6A67C200FB0762 /* Default@2x.png in Resources */,
				A7CD229E1C50881F007CE2AC /* Assets.xcassets in Resources */,
			);
			runOnlyForDeploymentPostprocessing = 0;
		};
/* End PBXResourcesBuildPhase section */

/* Begin PBXSourcesBuildPhase section */
		A7CD228A1C50881F007CE2AC /* Sources */ = {
			isa = PBXSourcesBuildPhase;
			buildActionMask = 2147483647;
			files = (
				88F83B871C762ED000F6C551 /* MPGTextField.m in Sources */,
				88F83B831C761E9600F6C551 /* UIRefreshControl+AFNetworking.m in Sources */,
				88F83B791C761E9600F6C551 /* AFURLConnectionOperation.m in Sources */,
				A7CD22991C50881F007CE2AC /* ViewController.m in Sources */,
				88F83B821C761E9600F6C551 /* UIProgressView+AFNetworking.m in Sources */,
				A7CD22AA1C508A21007CE2AC /* Surface.m in Sources */,
				88F83B7F1C761E9600F6C551 /* UIAlertView+AFNetworking.m in Sources */,
				88B19F311C6BC41600FB0762 /* Sparrow.m in Sources */,
				88F83B7B1C761E9600F6C551 /* AFURLResponseSerialization.m in Sources */,
				88F83B801C761E9600F6C551 /* UIButton+AFNetworking.m in Sources */,
				8832D3F91C9090AF00EC1D9C /* TestPuppeter.m in Sources */,
				88F83B4C1C761BCC00F6C551 /* Buscador.m in Sources */,
				8832D3F31C90841F00EC1D9C /* WebchimpUtilities.m in Sources */,
				88F83B7E1C761E9600F6C551 /* UIActivityIndicatorView+AFNetworking.m in Sources */,
				88F83B7A1C761E9600F6C551 /* AFURLRequestSerialization.m in Sources */,
				88E003111C7784E100A85F80 /* Parrot.m in Sources */,
				88F83B7D1C761E9600F6C551 /* AFNetworkActivityIndicatorManager.m in Sources */,
				8832D3F61C908EC700EC1D9C /* Puppeteer.m in Sources */,
				88F83B781C761E9600F6C551 /* AFSecurityPolicy.m in Sources */,
				88F83B741C761E9600F6C551 /* AFHTTPRequestOperation.m in Sources */,
				88F83B7C1C761E9600F6C551 /* AFURLSessionManager.m in Sources */,
				88D263C91C5BD20900A38D97 /* Launch.m in Sources */,
				A7CD22961C50881F007CE2AC /* AppDelegate.m in Sources */,
				88F83B761C761E9600F6C551 /* AFHTTPSessionManager.m in Sources */,
				A7CD22931C50881F007CE2AC /* main.m in Sources */,
				88F83B841C761E9600F6C551 /* UIWebView+AFNetworking.m in Sources */,
				88F83B771C761E9600F6C551 /* AFNetworkReachabilityManager.m in Sources */,
				88F83B811C761E9600F6C551 /* UIImageView+AFNetworking.m in Sources */,
				88F83B751C761E9600F6C551 /* AFHTTPRequestOperationManager.m in Sources */,
			);
			runOnlyForDeploymentPostprocessing = 0;
		};
/* End PBXSourcesBuildPhase section */

/* Begin XCBuildConfiguration section */
		A7CD22A31C50881F007CE2AC /* Debug */ = {
			isa = XCBuildConfiguration;
			buildSettings = {
				ALWAYS_SEARCH_USER_PATHS = NO;
				CLANG_CXX_LANGUAGE_STANDARD = "gnu++0x";
				CLANG_CXX_LIBRARY = "libc++";
				CLANG_ENABLE_MODULES = YES;
				CLANG_ENABLE_OBJC_ARC = YES;
				CLANG_WARN_BOOL_CONVERSION = YES;
				CLANG_WARN_CONSTANT_CONVERSION = YES;
				CLANG_WARN_DIRECT_OBJC_ISA_USAGE = YES_ERROR;
				CLANG_WARN_EMPTY_BODY = YES;
				CLANG_WARN_ENUM_CONVERSION = YES;
				CLANG_WARN_INT_CONVERSION = YES;
				CLANG_WARN_OBJC_ROOT_CLASS = YES_ERROR;
				CLANG_WARN_UNREACHABLE_CODE = YES;
				CLANG_WARN__DUPLICATE_METHOD_MATCH = YES;
				"CODE_SIGN_IDENTITY[sdk=iphoneos*]" = "iPhone Developer";
				COPY_PHASE_STRIP = NO;
				DEBUG_INFORMATION_FORMAT = dwarf;
				ENABLE_STRICT_OBJC_MSGSEND = YES;
				ENABLE_TESTABILITY = YES;
				GCC_C_LANGUAGE_STANDARD = gnu99;
				GCC_DYNAMIC_NO_PIC = NO;
				GCC_NO_COMMON_BLOCKS = YES;
				GCC_OPTIMIZATION_LEVEL = 0;
				GCC_PREPROCESSOR_DEFINITIONS = (
					"DEBUG=1",
					"$(inherited)",
				);
				GCC_WARN_64_TO_32_BIT_CONVERSION = YES;
				GCC_WARN_ABOUT_RETURN_TYPE = YES_ERROR;
				GCC_WARN_UNDECLARED_SELECTOR = YES;
				GCC_WARN_UNINITIALIZED_AUTOS = YES_AGGRESSIVE;
				GCC_WARN_UNUSED_FUNCTION = YES;
				GCC_WARN_UNUSED_VARIABLE = YES;
				IPHONEOS_DEPLOYMENT_TARGET = 9.2;
				MTL_ENABLE_DEBUG_INFO = YES;
				ONLY_ACTIVE_ARCH = YES;
				SDKROOT = iphoneos;
			};
			name = Debug;
		};
		A7CD22A41C50881F007CE2AC /* Release */ = {
			isa = XCBuildConfiguration;
			buildSettings = {
				ALWAYS_SEARCH_USER_PATHS = NO;
				CLANG_CXX_LANGUAGE_STANDARD = "gnu++0x";
				CLANG_CXX_LIBRARY = "libc++";
				CLANG_ENABLE_MODULES = YES;
				CLANG_ENABLE_OBJC_ARC = YES;
				CLANG_WARN_BOOL_CONVERSION = YES;
				CLANG_WARN_CONSTANT_CONVERSION = YES;
				CLANG_WARN_DIRECT_OBJC_ISA_USAGE = YES_ERROR;
				CLANG_WARN_EMPTY_BODY = YES;
				CLANG_WARN_ENUM_CONVERSION = YES;
				CLANG_WARN_INT_CONVERSION = YES;
				CLANG_WARN_OBJC_ROOT_CLASS = YES_ERROR;
				CLANG_WARN_UNREACHABLE_CODE = YES;
				CLANG_WARN__DUPLICATE_METHOD_MATCH = YES;
				"CODE_SIGN_IDENTITY[sdk=iphoneos*]" = "iPhone Developer";
				COPY_PHASE_STRIP = NO;
				DEBUG_INFORMATION_FORMAT = "dwarf-with-dsym";
				ENABLE_NS_ASSERTIONS = NO;
				ENABLE_STRICT_OBJC_MSGSEND = YES;
				GCC_C_LANGUAGE_STANDARD = gnu99;
				GCC_NO_COMMON_BLOCKS = YES;
				GCC_WARN_64_TO_32_BIT_CONVERSION = YES;
				GCC_WARN_ABOUT_RETURN_TYPE = YES_ERROR;
				GCC_WARN_UNDECLARED_SELECTOR = YES;
				GCC_WARN_UNINITIALIZED_AUTOS = YES_AGGRESSIVE;
				GCC_WARN_UNUSED_FUNCTION = YES;
				GCC_WARN_UNUSED_VARIABLE = YES;
				IPHONEOS_DEPLOYMENT_TARGET = 9.2;
				MTL_ENABLE_DEBUG_INFO = NO;
				SDKROOT = iphoneos;
				VALIDATE_PRODUCT = YES;
			};
			name = Release;
		};
		A7CD22A61C50881F007CE2AC /* Debug */ = {
			isa = XCBuildConfiguration;
			buildSettings = {
				ASSETCATALOG_COMPILER_APPICON_NAME = AppIcon;
				ASSETCATALOG_COMPILER_LAUNCHIMAGE_NAME = "LaunchImage-1";
				CODE_SIGN_IDENTITY = "iPhone Developer";
				INFOPLIST_FILE = Surface/Info.plist;
				LD_RUNPATH_SEARCH_PATHS = "$(inherited) @executable_path/Frameworks";
				PRODUCT_BUNDLE_IDENTIFIER = com.webchimp.Surface;
				PRODUCT_NAME = "$(TARGET_NAME)";
			};
			name = Debug;
		};
		A7CD22A71C50881F007CE2AC /* Release */ = {
			isa = XCBuildConfiguration;
			buildSettings = {
				ASSETCATALOG_COMPILER_APPICON_NAME = AppIcon;
				ASSETCATALOG_COMPILER_LAUNCHIMAGE_NAME = "LaunchImage-1";
				CODE_SIGN_IDENTITY = "iPhone Developer";
				INFOPLIST_FILE = Surface/Info.plist;
				LD_RUNPATH_SEARCH_PATHS = "$(inherited) @executable_path/Frameworks";
				PRODUCT_BUNDLE_IDENTIFIER = com.webchimp.Surface;
				PRODUCT_NAME = "$(TARGET_NAME)";
			};
			name = Release;
		};
/* End XCBuildConfiguration section */

/* Begin XCConfigurationList section */
		A7CD22891C50881F007CE2AC /* Build configuration list for PBXProject "Surface" */ = {
			isa = XCConfigurationList;
			buildConfigurations = (
				A7CD22A31C50881F007CE2AC /* Debug */,
				A7CD22A41C50881F007CE2AC /* Release */,
			);
			defaultConfigurationIsVisible = 0;
			defaultConfigurationName = Release;
		};
		A7CD22A51C50881F007CE2AC /* Build configuration list for PBXNativeTarget "Surface" */ = {
			isa = XCConfigurationList;
			buildConfigurations = (
				A7CD22A61C50881F007CE2AC /* Debug */,
				A7CD22A71C50881F007CE2AC /* Release */,
			);
			defaultConfigurationIsVisible = 0;
			defaultConfigurationName = Release;
		};
/* End XCConfigurationList section */
	};
	rootObject = A7CD22861C50881F007CE2AC /* Project object */;
}
